// !$*UTF8*$!
{
	archiveVersion = 1;
	classes = {
	};
	objectVersion = 50;
	objects = {

/* Begin PBXBuildFile section */
		A370C5C625D3F65500CE22A0 /* NewTaskViewController.swift in Sources */ = {isa = PBXBuildFile; fileRef = A370C5C525D3F65500CE22A0 /* NewTaskViewController.swift */; };
		A370C5C925D4129500CE22A0 /* StorageManager.swift in Sources */ = {isa = PBXBuildFile; fileRef = A370C5C825D4129500CE22A0 /* StorageManager.swift */; };
		A370C5CC25D41CD700CE22A0 /* AlertController.swift in Sources */ = {isa = PBXBuildFile; fileRef = A370C5CB25D41CD700CE22A0 /* AlertController.swift */; };
		A390569325D3E1A800BD1116 /* AppDelegate.swift in Sources */ = {isa = PBXBuildFile; fileRef = A390569225D3E1A800BD1116 /* AppDelegate.swift */; };
		A390569725D3E1A800BD1116 /* TaskListViewController.swift in Sources */ = {isa = PBXBuildFile; fileRef = A390569625D3E1A800BD1116 /* TaskListViewController.swift */; };
		A390569D25D3E1A800BD1116 /* ToDoCoreData.xcdatamodeld in Sources */ = {isa = PBXBuildFile; fileRef = A390569B25D3E1A800BD1116 /* ToDoCoreData.xcdatamodeld */; };
		A390569F25D3E1AC00BD1116 /* Assets.xcassets in Resources */ = {isa = PBXBuildFile; fileRef = A390569E25D3E1AC00BD1116 /* Assets.xcassets */; };
		A39056A225D3E1AC00BD1116 /* LaunchScreen.storyboard in Resources */ = {isa = PBXBuildFile; fileRef = A39056A025D3E1AC00BD1116 /* LaunchScreen.storyboard */; };
/* End PBXBuildFile section */

/* Begin PBXFileReference section */
		A370C5C525D3F65500CE22A0 /* NewTaskViewController.swift */ = {isa = PBXFileReference; lastKnownFileType = sourcecode.swift; path = NewTaskViewController.swift; sourceTree = "<group>"; };
		A370C5C825D4129500CE22A0 /* StorageManager.swift */ = {isa = PBXFileReference; lastKnownFileType = sourcecode.swift; path = StorageManager.swift; sourceTree = "<group>"; };
		A370C5CB25D41CD700CE22A0 /* AlertController.swift */ = {isa = PBXFileReference; lastKnownFileType = sourcecode.swift; path = AlertController.swift; sourceTree = "<group>"; };
		A390568F25D3E1A800BD1116 /* ToDoCoreData.app */ = {isa = PBXFileReference; explicitFileType = wrapper.application; includeInIndex = 0; path = ToDoCoreData.app; sourceTree = BUILT_PRODUCTS_DIR; };
		A390569225D3E1A800BD1116 /* AppDelegate.swift */ = {isa = PBXFileReference; lastKnownFileType = sourcecode.swift; path = AppDelegate.swift; sourceTree = "<group>"; };
		A390569625D3E1A800BD1116 /* TaskListViewController.swift */ = {isa = PBXFileReference; lastKnownFileType = sourcecode.swift; path = TaskListViewController.swift; sourceTree = "<group>"; };
		A390569C25D3E1A800BD1116 /* ToDoCoreData.xcdatamodel */ = {isa = PBXFileReference; lastKnownFileType = wrapper.xcdatamodel; path = ToDoCoreData.xcdatamodel; sourceTree = "<group>"; };
		A390569E25D3E1AC00BD1116 /* Assets.xcassets */ = {isa = PBXFileReference; lastKnownFileType = folder.assetcatalog; path = Assets.xcassets; sourceTree = "<group>"; };
		A39056A125D3E1AC00BD1116 /* Base */ = {isa = PBXFileReference; lastKnownFileType = file.storyboard; name = Base; path = Base.lproj/LaunchScreen.storyboard; sourceTree = "<group>"; };
		A39056A325D3E1AC00BD1116 /* Info.plist */ = {isa = PBXFileReference; lastKnownFileType = text.plist.xml; path = Info.plist; sourceTree = "<group>"; };
/* End PBXFileReference section */

/* Begin PBXFrameworksBuildPhase section */
		A390568C25D3E1A800BD1116 /* Frameworks */ = {
			isa = PBXFrameworksBuildPhase;
			buildActionMask = 2147483647;
			files = (
			);
			runOnlyForDeploymentPostprocessing = 0;
		};
/* End PBXFrameworksBuildPhase section */

/* Begin PBXGroup section */
		A390568625D3E1A700BD1116 = {
			isa = PBXGroup;
			children = (
				A370C5C525D3F65500CE22A0 /* NewTaskViewController.swift */,
				A390569125D3E1A800BD1116 /* ToDoCoreData */,
				A390569025D3E1A800BD1116 /* Products */,
			);
			sourceTree = "<group>";
		};
		A390569025D3E1A800BD1116 /* Products */ = {
			isa = PBXGroup;
			children = (
				A390568F25D3E1A800BD1116 /* ToDoCoreData.app */,
			);
			name = Products;
			sourceTree = "<group>";
		};
		A390569125D3E1A800BD1116 /* ToDoCoreData */ = {
			isa = PBXGroup;
			children = (
				A390569225D3E1A800BD1116 /* AppDelegate.swift */,
				A390569625D3E1A800BD1116 /* TaskListViewController.swift */,
				A370C5CB25D41CD700CE22A0 /* AlertController.swift */,
				A370C5C825D4129500CE22A0 /* StorageManager.swift */,
				A390569E25D3E1AC00BD1116 /* Assets.xcassets */,
				A39056A025D3E1AC00BD1116 /* LaunchScreen.storyboard */,
				A39056A325D3E1AC00BD1116 /* Info.plist */,
				A390569B25D3E1A800BD1116 /* ToDoCoreData.xcdatamodeld */,
			);
			path = ToDoCoreData;
			sourceTree = "<group>";
		};
/* End PBXGroup section */

/* Begin PBXNativeTarget section */
		A390568E25D3E1A800BD1116 /* ToDoCoreData */ = {
			isa = PBXNativeTarget;
			buildConfigurationList = A39056A625D3E1AC00BD1116 /* Build configuration list for PBXNativeTarget "ToDoCoreData" */;
			buildPhases = (
				A390568B25D3E1A800BD1116 /* Sources */,
				A390568C25D3E1A800BD1116 /* Frameworks */,
				A390568D25D3E1A800BD1116 /* Resources */,
			);
			buildRules = (
			);
			dependencies = (
			);
			name = ToDoCoreData;
			productName = ToDoCoreData;
			productReference = A390568F25D3E1A800BD1116 /* ToDoCoreData.app */;
			productType = "com.apple.product-type.application";
		};
/* End PBXNativeTarget section */

/* Begin PBXProject section */
		A390568725D3E1A700BD1116 /* Project object */ = {
			isa = PBXProject;
			attributes = {
				LastSwiftUpdateCheck = 1230;
				LastUpgradeCheck = 1230;
				TargetAttributes = {
					A390568E25D3E1A800BD1116 = {
						CreatedOnToolsVersion = 12.3;
					};
				};
			};
			buildConfigurationList = A390568A25D3E1A700BD1116 /* Build configuration list for PBXProject "ToDoCoreData" */;
			compatibilityVersion = "Xcode 9.3";
			developmentRegion = en;
			hasScannedForEncodings = 0;
			knownRegions = (
				en,
				Base,
			);
			mainGroup = A390568625D3E1A700BD1116;
			productRefGroup = A390569025D3E1A800BD1116 /* Products */;
			projectDirPath = "";
			projectRoot = "";
			targets = (
				A390568E25D3E1A800BD1116 /* ToDoCoreData */,
			);
		};
/* End PBXProject section */

/* Begin PBXResourcesBuildPhase section */
		A390568D25D3E1A800BD1116 /* Resources */ = {
			isa = PBXResourcesBuildPhase;
			buildActionMask = 2147483647;
			files = (
				A39056A225D3E1AC00BD1116 /* LaunchScreen.storyboard in Resources */,
				A390569F25D3E1AC00BD1116 /* Assets.xcassets in Resources */,
			);
			runOnlyForDeploymentPostprocessing = 0;
		};
/* End PBXResourcesBuildPhase section */

/* Begin PBXSourcesBuildPhase section */
		A390568B25D3E1A800BD1116 /* Sources */ = {
			isa = PBXSourcesBuildPhase;
			buildActionMask = 2147483647;
			files = (
				A390569725D3E1A800BD1116 /* TaskListViewController.swift in Sources */,
				A390569325D3E1A800BD1116 /* AppDelegate.swift in Sources */,
				A370C5C925D4129500CE22A0 /* StorageManager.swift in Sources */,
				A370C5C625D3F65500CE22A0 /* NewTaskViewController.swift in Sources */,
				A370C5CC25D41CD700CE22A0 /* AlertController.swift in Sources */,
				A390569D25D3E1A800BD1116 /* ToDoCoreData.xcdatamodeld in Sources */,
			);
			runOnlyForDeploymentPostprocessing = 0;
		};
/* End PBXSourcesBuildPhase section */

/* Begin PBXVariantGroup section */
		A39056A025D3E1AC00BD1116 /* LaunchScreen.storyboard */ = {
			isa = PBXVariantGroup;
			children = (
				A39056A125D3E1AC00BD1116 /* Base */,
			);
			name = LaunchScreen.storyboard;
			sourceTree = "<group>";
		};
/* End PBXVariantGroup section */

/* Begin XCBuildConfiguration section */
		A39056A425D3E1AC00BD1116 /* Debug */ = {
			isa = XCBuildConfiguration;
			buildSettings = {
				ALWAYS_SEARCH_USER_PATHS = NO;
				CLANG_ANALYZER_NONNULL = YES;
				CLANG_ANALYZER_NUMBER_OBJECT_CONVERSION = YES_AGGRESSIVE;
				CLANG_CXX_LANGUAGE_STANDARD = "gnu++14";
				CLANG_CXX_LIBRARY = "libc++";
				CLANG_ENABLE_MODULES = YES;
				CLANG_ENABLE_OBJC_ARC = YES;
				CLANG_ENABLE_OBJC_WEAK = YES;
				CLANG_WARN_BLOCK_CAPTURE_AUTORELEASING = YES;
				CLANG_WARN_BOOL_CONVERSION = YES;
				CLANG_WARN_COMMA = YES;
				CLANG_WARN_CONSTANT_CONVERSION = YES;
				CLANG_WARN_DEPRECATED_OBJC_IMPLEMENTATIONS = YES;
				CLANG_WARN_DIRECT_OBJC_ISA_USAGE = YES_ERROR;
				CLANG_WARN_DOCUMENTATION_COMMENTS = YES;
				CLANG_WARN_EMPTY_BODY = YES;
				CLANG_WARN_ENUM_CONVERSION = YES;
				CLANG_WARN_INFINITE_RECURSION = YES;
				CLANG_WARN_INT_CONVERSION = YES;
				CLANG_WARN_NON_LITERAL_NULL_CONVERSION = YES;
				CLANG_WARN_OBJC_IMPLICIT_RETAIN_SELF = YES;
				CLANG_WARN_OBJC_LITERAL_CONVERSION = YES;
				CLANG_WARN_OBJC_ROOT_CLASS = YES_ERROR;
				CLANG_WARN_QUOTED_INCLUDE_IN_FRAMEWORK_HEADER = YES;
				CLANG_WARN_RANGE_LOOP_ANALYSIS = YES;
				CLANG_WARN_STRICT_PROTOTYPES = YES;
				CLANG_WARN_SUSPICIOUS_MOVE = YES;
				CLANG_WARN_UNGUARDED_AVAILABILITY = YES_AGGRESSIVE;
				CLANG_WARN_UNREACHABLE_CODE = YES;
				CLANG_WARN__DUPLICATE_METHOD_MATCH = YES;
				COPY_PHASE_STRIP = NO;
				DEBUG_INFORMATION_FORMAT = dwarf;
				ENABLE_STRICT_OBJC_MSGSEND = YES;
				ENABLE_TESTABILITY = YES;
				GCC_C_LANGUAGE_STANDARD = gnu11;
				GCC_DYNAMIC_NO_PIC = NO;
				GCC_NO_COMMON_BLOCKS = YES;
				GCC_OPTIMIZATION_LEVEL = 0;
				GCC_PREPROCESSOR_DEFINITIONS = (
					"DEBUG=1",
					"$(inherited)",
				);
				GCC_WARN_64_TO_32_BIT_CONVERSION = YES;
				GCC_WARN_ABOUT_RETURN_TYPE = YES_ERROR;
				GCC_WARN_UNDECLARED_SELECTOR = YES;
				GCC_WARN_UNINITIALIZED_AUTOS = YES_AGGRESSIVE;
				GCC_WARN_UNUSED_FUNCTION = YES;
				GCC_WARN_UNUSED_VARIABLE = YES;
				IPHONEOS_DEPLOYMENT_TARGET = 14.3;
				MTL_ENABLE_DEBUG_INFO = INCLUDE_SOURCE;
				MTL_FAST_MATH = YES;
				ONLY_ACTIVE_ARCH = YES;
				SDKROOT = iphoneos;
				SWIFT_ACTIVE_COMPILATION_CONDITIONS = DEBUG;
				SWIFT_OPTIMIZATION_LEVEL = "-Onone";
			};
			name = Debug;
		};
		A39056A525D3E1AC00BD1116 /* Release */ = {
			isa = XCBuildConfiguration;
			buildSettings = {
				ALWAYS_SEARCH_USER_PATHS = NO;
				CLANG_ANALYZER_NONNULL = YES;
				CLANG_ANALYZER_NUMBER_OBJECT_CONVERSION = YES_AGGRESSIVE;
				CLANG_CXX_LANGUAGE_STANDARD = "gnu++14";
				CLANG_CXX_LIBRARY = "libc++";
				CLANG_ENABLE_MODULES = YES;
				CLANG_ENABLE_OBJC_ARC = YES;
				CLANG_ENABLE_OBJC_WEAK = YES;
				CLANG_WARN_BLOCK_CAPTURE_AUTORELEASING = YES;
				CLANG_WARN_BOOL_CONVERSION = YES;
				CLANG_WARN_COMMA = YES;
				CLANG_WARN_CONSTANT_CONVERSION = YES;
				CLANG_WARN_DEPRECATED_OBJC_IMPLEMENTATIONS = YES;
				CLANG_WARN_DIRECT_OBJC_ISA_USAGE = YES_ERROR;
				CLANG_WARN_DOCUMENTATION_COMMENTS = YES;
				CLANG_WARN_EMPTY_BODY = YES;
				CLANG_WARN_ENUM_CONVERSION = YES;
				CLANG_WARN_INFINITE_RECURSION = YES;
				CLANG_WARN_INT_CONVERSION = YES;
				CLANG_WARN_NON_LITERAL_NULL_CONVERSION = YES;
				CLANG_WARN_OBJC_IMPLICIT_RETAIN_SELF = YES;
				CLANG_WARN_OBJC_LITERAL_CONVERSION = YES;
				CLANG_WARN_OBJC_ROOT_CLASS = YES_ERROR;
				CLANG_WARN_QUOTED_INCLUDE_IN_FRAMEWORK_HEADER = YES;
				CLANG_WARN_RANGE_LOOP_ANALYSIS = YES;
				CLANG_WARN_STRICT_PROTOTYPES = YES;
				CLANG_WARN_SUSPICIOUS_MOVE = YES;
				CLANG_WARN_UNGUARDED_AVAILABILITY = YES_AGGRESSIVE;
				CLANG_WARN_UNREACHABLE_CODE = YES;
				CLANG_WARN__DUPLICATE_METHOD_MATCH = YES;
				COPY_PHASE_STRIP = NO;
				DEBUG_INFORMATION_FORMAT = "dwarf-with-dsym";
				ENABLE_NS_ASSERTIONS = NO;
				ENABLE_STRICT_OBJC_MSGSEND = YES;
				GCC_C_LANGUAGE_STANDARD = gnu11;
				GCC_NO_COMMON_BLOCKS = YES;
				GCC_WARN_64_TO_32_BIT_CONVERSION = YES;
				GCC_WARN_ABOUT_RETURN_TYPE = YES_ERROR;
				GCC_WARN_UNDECLARED_SELECTOR = YES;
				GCC_WARN_UNINITIALIZED_AUTOS = YES_AGGRESSIVE;
				GCC_WARN_UNUSED_FUNCTION = YES;
				GCC_WARN_UNUSED_VARIABLE = YES;
				IPHONEOS_DEPLOYMENT_TARGET = 14.3;
				MTL_ENABLE_DEBUG_INFO = NO;
				MTL_FAST_MATH = YES;
				SDKROOT = iphoneos;
				SWIFT_COMPILATION_MODE = wholemodule;
				SWIFT_OPTIMIZATION_LEVEL = "-O";
				VALIDATE_PRODUCT = YES;
			};
			name = Release;
		};
		A39056A725D3E1AC00BD1116 /* Debug */ = {
			isa = XCBuildConfiguration;
			buildSettings = {
				ASSETCATALOG_COMPILER_APPICON_NAME = AppIcon;
				ASSETCATALOG_COMPILER_GLOBAL_ACCENT_COLOR_NAME = AccentColor;
				CODE_SIGN_STYLE = Automatic;
				DEVELOPMENT_TEAM = 8PV7VS7TZ9;
				INFOPLIST_FILE = ToDoCoreData/Info.plist;
				LD_RUNPATH_SEARCH_PATHS = (
					"$(inherited)",
					"@executable_path/Frameworks",
				);
				PRODUCT_BUNDLE_IDENTIFIER = "Julia-Stodolya.ToDoCoreData";
				PRODUCT_NAME = "$(TARGET_NAME)";
				SWIFT_VERSION = 5.0;
				TARGETED_DEVICE_FAMILY = 1;
			};
			name = Debug;
		};
		A39056A825D3E1AC00BD1116 /* Release */ = {
			isa = XCBuildConfiguration;
			buildSettings = {
				ASSETCATALOG_COMPILER_APPICON_NAME = AppIcon;
				ASSETCATALOG_COMPILER_GLOBAL_ACCENT_COLOR_NAME = AccentColor;
				CODE_SIGN_STYLE = Automatic;
				DEVELOPMENT_TEAM = 8PV7VS7TZ9;
				INFOPLIST_FILE = ToDoCoreData/Info.plist;
				LD_RUNPATH_SEARCH_PATHS = (
					"$(inherited)",
					"@executable_path/Frameworks",
				);
				PRODUCT_BUNDLE_IDENTIFIER = "Julia-Stodolya.ToDoCoreData";
				PRODUCT_NAME = "$(TARGET_NAME)";
				SWIFT_VERSION = 5.0;
				TARGETED_DEVICE_FAMILY = 1;
			};
			name = Release;
		};
/* End XCBuildConfiguration section */

/* Begin XCConfigurationList section */
		A390568A25D3E1A700BD1116 /* Build configuration list for PBXProject "ToDoCoreData" */ = {
			isa = XCConfigurationList;
			buildConfigurations = (
				A39056A425D3E1AC00BD1116 /* Debug */,
				A39056A525D3E1AC00BD1116 /* Release */,
			);
			defaultConfigurationIsVisible = 0;
			defaultConfigurationName = Release;
		};
		A39056A625D3E1AC00BD1116 /* Build configuration list for PBXNativeTarget "ToDoCoreData" */ = {
			isa = XCConfigurationList;
			buildConfigurations = (
				A39056A725D3E1AC00BD1116 /* Debug */,
				A39056A825D3E1AC00BD1116 /* Release */,
			);
			defaultConfigurationIsVisible = 0;
			defaultConfigurationName = Release;
		};
/* End XCConfigurationList section */

/* Begin XCVersionGroup section */
		A390569B25D3E1A800BD1116 /* ToDoCoreData.xcdatamodeld */ = {
			isa = XCVersionGroup;
			children = (
				A390569C25D3E1A800BD1116 /* ToDoCoreData.xcdatamodel */,
			);
			currentVersion = A390569C25D3E1A800BD1116 /* ToDoCoreData.xcdatamodel */;
			path = ToDoCoreData.xcdatamodeld;
			sourceTree = "<group>";
			versionGroupType = wrapper.xcdatamodel;
		};
/* End XCVersionGroup section */
	};
	rootObject = A390568725D3E1A700BD1116 /* Project object */;
}
